
Microsoft Visual Studio Solution File, Format Version 11.00
# Visual C++ Express 2010
Project("{8BC9CEB8-8B4A-11D0-8D11-00A0C91BC942}") = "fadedemo", "fadedemo\fadedemo.vcxproj", "{30843414-0408-444E-BC5A-3FD850214834}"
EndProject
Global
	GlobalSection(SolutionConfigurationPlatforms) = preSolution
		Debug|Win32 = Debug|Win32
		Release|Win32 = Release|Win32
	EndGlobalSection
	GlobalSection(ProjectConfigurationPlatforms) = postSolution
		{30843414-0408-444E-BC5A-3FD850214834}.Debug|Win32.ActiveCfg = Debug|Win32
		{30843414-0408-444E-BC5A-3FD850214834}.Debug|Win32.Build.0 = Debug|Win32
		{30843414-0408-444E-BC5A-3FD850214834}.Release|Win32.ActiveCfg = Release|Win32
		{30843414-0408-444E-BC5A-3FD850214834}.Release|Win32.Build.0 = Release|Win32
	EndGlobalSection
	GlobalSection(SolutionProperties) = preSolution
		HideSolutionNode = FALSE
	EndGlobalSection
EndGlobal
